
Microsoft Visual Studio Solution File, Format Version 12.00
# Visual Studio Version 17
VisualStudioVersion = 17.0.31903.59
MinimumVisualStudioVersion = 10.0.40219.1
Project("{2150E333-8FDC-42A3-9474-1A3956D46DE8}") = "src", "src", "{D73D0578-5159-4ADC-9840-6DD8B3849BF0}"
EndProject
Project("{FAE04EC0-301F-11D3-BF4B-00C04F79EFBC}") = "LyricsCore", "src\LyricsCore\LyricsCore.csproj", "{FD2C681E-5EFC-4180-8F34-C262AEC5F6A4}"
EndProject
Project("{FAE04EC0-301F-11D3-BF4B-00C04F79EFBC}") = "mb_LyricsOverlay", "src\mb_LyricsOverlay\mb_LyricsOverlay.csproj", "{99AA74FC-2D7B-47FF-80C4-EC47193A76A7}"
EndProject
Project("{FAE04EC0-301F-11D3-BF4B-00C04F79EFBC}") = "mb_LyricsOverlayProvider", "src\mb_LyricsOverlayProvider\mb_LyricsOverlayProvider.csproj", "{023E5AC6-DC39-481B-821E-326E489601BA}"
EndProject
Project("{2150E333-8FDC-42A3-9474-1A3956D46DE8}") = "tests", "tests", "{A4630B25-4AB8-4056-ADA6-37B9A5567F26}"
EndProject
Project("{FAE04EC0-301F-11D3-BF4B-00C04F79EFBC}") = "LyricsCore.Tests", "tests\LyricsCore.Tests\LyricsCore.Tests.csproj", "{CDAA75C6-8D89-4E01-B1C8-4EE66E818641}"
EndProject
Global
	GlobalSection(SolutionConfigurationPlatforms) = preSolution
		Debug|Any CPU = Debug|Any CPU
		Release|Any CPU = Release|Any CPU
	EndGlobalSection
	GlobalSection(SolutionProperties) = preSolution
		HideSolutionNode = FALSE
	EndGlobalSection
	GlobalSection(ProjectConfigurationPlatforms) = postSolution
		{FD2C681E-5EFC-4180-8F34-C262AEC5F6A4}.Debug|Any CPU.ActiveCfg = Debug|Any CPU
		{FD2C681E-5EFC-4180-8F34-C262AEC5F6A4}.Debug|Any CPU.Build.0 = Debug|Any CPU
		{FD2C681E-5EFC-4180-8F34-C262AEC5F6A4}.Release|Any CPU.ActiveCfg = Release|Any CPU
		{FD2C681E-5EFC-4180-8F34-C262AEC5F6A4}.Release|Any CPU.Build.0 = Release|Any CPU
		{99AA74FC-2D7B-47FF-80C4-EC47193A76A7}.Debug|Any CPU.ActiveCfg = Debug|Any CPU
		{99AA74FC-2D7B-47FF-80C4-EC47193A76A7}.Debug|Any CPU.Build.0 = Debug|Any CPU
		{99AA74FC-2D7B-47FF-80C4-EC47193A76A7}.Release|Any CPU.ActiveCfg = Release|Any CPU
		{99AA74FC-2D7B-47FF-80C4-EC47193A76A7}.Release|Any CPU.Build.0 = Release|Any CPU
		{023E5AC6-DC39-481B-821E-326E489601BA}.Debug|Any CPU.ActiveCfg = Debug|Any CPU
		{023E5AC6-DC39-481B-821E-326E489601BA}.Debug|Any CPU.Build.0 = Debug|Any CPU
		{023E5AC6-DC39-481B-821E-326E489601BA}.Release|Any CPU.ActiveCfg = Release|Any CPU
		{023E5AC6-DC39-481B-821E-326E489601BA}.Release|Any CPU.Build.0 = Release|Any CPU
		{CDAA75C6-8D89-4E01-B1C8-4EE66E818641}.Debug|Any CPU.ActiveCfg = Debug|Any CPU
		{CDAA75C6-8D89-4E01-B1C8-4EE66E818641}.Debug|Any CPU.Build.0 = Debug|Any CPU
		{CDAA75C6-8D89-4E01-B1C8-4EE66E818641}.Release|Any CPU.ActiveCfg = Release|Any CPU
		{CDAA75C6-8D89-4E01-B1C8-4EE66E818641}.Release|Any CPU.Build.0 = Release|Any CPU
	EndGlobalSection
	GlobalSection(NestedProjects) = preSolution
		{FD2C681E-5EFC-4180-8F34-C262AEC5F6A4} = {D73D0578-5159-4ADC-9840-6DD8B3849BF0}
		{99AA74FC-2D7B-47FF-80C4-EC47193A76A7} = {D73D0578-5159-4ADC-9840-6DD8B3849BF0}
		{023E5AC6-DC39-481B-821E-326E489601BA} = {D73D0578-5159-4ADC-9840-6DD8B3849BF0}
		{CDAA75C6-8D89-4E01-B1C8-4EE66E818641} = {A4630B25-4AB8-4056-ADA6-37B9A5567F26}
	EndGlobalSection
EndGlobal
